
Microsoft Visual Studio Solution File, Format Version 12.00
# Visual Studio Version 17
VisualStudioVersion = 17.6.33723.286
MinimumVisualStudioVersion = 10.0.40219.1
Project("{FAE04EC0-301F-11D3-BF4B-00C04F79EFBC}") = "RPAChallengeInputForm_JRTF", "RPAChallengeInputForm_JRTF\RPAChallengeInputForm_JRTF.csproj", "{93C1EE9E-7C58-4AA0-86B8-2D239965700C}"
EndProject
Global
	GlobalSection(SolutionConfigurationPlatforms) = preSolution
		Debug|Any CPU = Debug|Any CPU
		Release|Any CPU = Release|Any CPU
	EndGlobalSection
	GlobalSection(ProjectConfigurationPlatforms) = postSolution
		{93C1EE9E-7C58-4AA0-86B8-2D239965700C}.Debug|Any CPU.ActiveCfg = Debug|Any CPU
		{93C1EE9E-7C58-4AA0-86B8-2D239965700C}.Debug|Any CPU.Build.0 = Debug|Any CPU
		{93C1EE9E-7C58-4AA0-86B8-2D239965700C}.Release|Any CPU.ActiveCfg = Release|Any CPU
		{93C1EE9E-7C58-4AA0-86B8-2D239965700C}.Release|Any CPU.Build.0 = Release|Any CPU
	EndGlobalSection
	GlobalSection(SolutionProperties) = preSolution
		HideSolutionNode = FALSE
	EndGlobalSection
	GlobalSection(ExtensibilityGlobals) = postSolution
		SolutionGuid = {20B2F5D1-9D70-4E4A-926B-4BC1AE7EC4CA}
	EndGlobalSection
EndGlobal
